
Microsoft Visual Studio Solution File, Format Version 12.00
# Visual Studio Version 17
VisualStudioVersion = 17.5.33627.172
MinimumVisualStudioVersion = 10.0.40219.1
Project("{9A19103F-16F7-4668-BE54-9A1E7A4F7556}") = "API_GISSA", "API_CarnesdonAdrian\API_GISSA.csproj", "{5C1ADD63-8EB6-4ACF-BB0D-D6EB3DD9DAF1}"
EndProject
Global
	GlobalSection(SolutionConfigurationPlatforms) = preSolution
		Debug|Any CPU = Debug|Any CPU
		Release|Any CPU = Release|Any CPU
	EndGlobalSection
	GlobalSection(ProjectConfigurationPlatforms) = postSolution
		{5C1ADD63-8EB6-4ACF-BB0D-D6EB3DD9DAF1}.Debug|Any CPU.ActiveCfg = Debug|Any CPU
		{5C1ADD63-8EB6-4ACF-BB0D-D6EB3DD9DAF1}.Debug|Any CPU.Build.0 = Debug|Any CPU
		{5C1ADD63-8EB6-4ACF-BB0D-D6EB3DD9DAF1}.Release|Any CPU.ActiveCfg = Release|Any CPU
		{5C1ADD63-8EB6-4ACF-BB0D-D6EB3DD9DAF1}.Release|Any CPU.Build.0 = Release|Any CPU
	EndGlobalSection
	GlobalSection(SolutionProperties) = preSolution
		HideSolutionNode = FALSE
	EndGlobalSection
	GlobalSection(ExtensibilityGlobals) = postSolution
		SolutionGuid = {B7892FC7-150B-431E-9FBE-51392E3FA320}
	EndGlobalSection
EndGlobal
